
Microsoft Visual Studio Solution File, Format Version 12.00
# Visual Studio 15
VisualStudioVersion = 15.0.27703.2026
MinimumVisualStudioVersion = 10.0.40219.1
Project("{9A19103F-16F7-4668-BE54-9A1E7A4F7556}") = "Contracts", "Contracts\Contracts.csproj", "{A66F594D-7EE0-49F1-832E-394E2F0B2D4C}"
EndProject
Project("{9A19103F-16F7-4668-BE54-9A1E7A4F7556}") = "Web", "Web\Web.csproj", "{B73D6FF6-3867-411B-B524-0E4A4674303D}"
EndProject
Project("{2150E333-8FDC-42A3-9474-1A3956D46DE8}") = "Consumers", "Consumers", "{5813C92D-7A6F-4782-834B-AA9FF081BA15}"
EndProject
Project("{9A19103F-16F7-4668-BE54-9A1E7A4F7556}") = "Notification", "Consumers\Notification\Notification.csproj", "{0F9D1A64-E2A1-4D55-8580-BF3676972BEA}"
EndProject
Project("{9A19103F-16F7-4668-BE54-9A1E7A4F7556}") = "Order", "Consumers\Order\Order.csproj", "{0F0C2166-9742-4823-8CE6-04E2B68D00B9}"
EndProject
Project("{9A19103F-16F7-4668-BE54-9A1E7A4F7556}") = "Payment", "Consumers\Payment\Payment.csproj", "{7B19A6FB-0C28-4126-917F-0A085F8F4F4C}"
EndProject
Project("{9A19103F-16F7-4668-BE54-9A1E7A4F7556}") = "Stock", "Consumers\Stock\Stock.csproj", "{3244D842-7B2E-44FF-97BD-DD729B2E9262}"
EndProject
Global
	GlobalSection(SolutionConfigurationPlatforms) = preSolution
		Debug|Any CPU = Debug|Any CPU
		Release|Any CPU = Release|Any CPU
	EndGlobalSection
	GlobalSection(ProjectConfigurationPlatforms) = postSolution
		{A66F594D-7EE0-49F1-832E-394E2F0B2D4C}.Debug|Any CPU.ActiveCfg = Debug|Any CPU
		{A66F594D-7EE0-49F1-832E-394E2F0B2D4C}.Debug|Any CPU.Build.0 = Debug|Any CPU
		{A66F594D-7EE0-49F1-832E-394E2F0B2D4C}.Release|Any CPU.ActiveCfg = Release|Any CPU
		{A66F594D-7EE0-49F1-832E-394E2F0B2D4C}.Release|Any CPU.Build.0 = Release|Any CPU
		{B73D6FF6-3867-411B-B524-0E4A4674303D}.Debug|Any CPU.ActiveCfg = Debug|Any CPU
		{B73D6FF6-3867-411B-B524-0E4A4674303D}.Debug|Any CPU.Build.0 = Debug|Any CPU
		{B73D6FF6-3867-411B-B524-0E4A4674303D}.Release|Any CPU.ActiveCfg = Release|Any CPU
		{B73D6FF6-3867-411B-B524-0E4A4674303D}.Release|Any CPU.Build.0 = Release|Any CPU
		{0F9D1A64-E2A1-4D55-8580-BF3676972BEA}.Debug|Any CPU.ActiveCfg = Debug|Any CPU
		{0F9D1A64-E2A1-4D55-8580-BF3676972BEA}.Debug|Any CPU.Build.0 = Debug|Any CPU
		{0F9D1A64-E2A1-4D55-8580-BF3676972BEA}.Release|Any CPU.ActiveCfg = Release|Any CPU
		{0F9D1A64-E2A1-4D55-8580-BF3676972BEA}.Release|Any CPU.Build.0 = Release|Any CPU
		{0F0C2166-9742-4823-8CE6-04E2B68D00B9}.Debug|Any CPU.ActiveCfg = Debug|Any CPU
		{0F0C2166-9742-4823-8CE6-04E2B68D00B9}.Debug|Any CPU.Build.0 = Debug|Any CPU
		{0F0C2166-9742-4823-8CE6-04E2B68D00B9}.Release|Any CPU.ActiveCfg = Release|Any CPU
		{0F0C2166-9742-4823-8CE6-04E2B68D00B9}.Release|Any CPU.Build.0 = Release|Any CPU
		{7B19A6FB-0C28-4126-917F-0A085F8F4F4C}.Debug|Any CPU.ActiveCfg = Debug|Any CPU
		{7B19A6FB-0C28-4126-917F-0A085F8F4F4C}.Debug|Any CPU.Build.0 = Debug|Any CPU
		{7B19A6FB-0C28-4126-917F-0A085F8F4F4C}.Release|Any CPU.ActiveCfg = Release|Any CPU
		{7B19A6FB-0C28-4126-917F-0A085F8F4F4C}.Release|Any CPU.Build.0 = Release|Any CPU
		{3244D842-7B2E-44FF-97BD-DD729B2E9262}.Debug|Any CPU.ActiveCfg = Debug|Any CPU
		{3244D842-7B2E-44FF-97BD-DD729B2E9262}.Debug|Any CPU.Build.0 = Debug|Any CPU
		{3244D842-7B2E-44FF-97BD-DD729B2E9262}.Release|Any CPU.ActiveCfg = Release|Any CPU
		{3244D842-7B2E-44FF-97BD-DD729B2E9262}.Release|Any CPU.Build.0 = Release|Any CPU
	EndGlobalSection
	GlobalSection(SolutionProperties) = preSolution
		HideSolutionNode = FALSE
	EndGlobalSection
	GlobalSection(NestedProjects) = preSolution
		{0F9D1A64-E2A1-4D55-8580-BF3676972BEA} = {5813C92D-7A6F-4782-834B-AA9FF081BA15}
		{0F0C2166-9742-4823-8CE6-04E2B68D00B9} = {5813C92D-7A6F-4782-834B-AA9FF081BA15}
		{7B19A6FB-0C28-4126-917F-0A085F8F4F4C} = {5813C92D-7A6F-4782-834B-AA9FF081BA15}
		{3244D842-7B2E-44FF-97BD-DD729B2E9262} = {5813C92D-7A6F-4782-834B-AA9FF081BA15}
	EndGlobalSection
	GlobalSection(ExtensibilityGlobals) = postSolution
		SolutionGuid = {FBC5C064-4397-4AF9-9E90-93FB176E9C82}
	EndGlobalSection
EndGlobal
